
Microsoft Visual Studio Solution File, Format Version 12.00
# Visual Studio Version 16
VisualStudioVersion = 16.0.29613.14
MinimumVisualStudioVersion = 10.0.40219.1
Project("{9A19103F-16F7-4668-BE54-9A1E7A4F7556}") = "Worker_001", "Worker\Worker_001.csproj", "{8F6D6F6D-C122-4473-BCA2-22E5D1B9D6C7}"
EndProject
Project("{9A19103F-16F7-4668-BE54-9A1E7A4F7556}") = "Sender_001", "Sender_001\Sender_001.csproj", "{E33D2BE0-A264-4173-A6C0-2F2E28094AA6}"
EndProject
Project("{9A19103F-16F7-4668-BE54-9A1E7A4F7556}") = "Broker", "Broker\Broker.csproj", "{FD9BBFBD-338E-4E93-A6AD-2592E1265BBD}"
EndProject
Global
	GlobalSection(SolutionConfigurationPlatforms) = preSolution
		Debug|Any CPU = Debug|Any CPU
		Release|Any CPU = Release|Any CPU
	EndGlobalSection
	GlobalSection(ProjectConfigurationPlatforms) = postSolution
		{8F6D6F6D-C122-4473-BCA2-22E5D1B9D6C7}.Debug|Any CPU.ActiveCfg = Debug|Any CPU
		{8F6D6F6D-C122-4473-BCA2-22E5D1B9D6C7}.Debug|Any CPU.Build.0 = Debug|Any CPU
		{8F6D6F6D-C122-4473-BCA2-22E5D1B9D6C7}.Release|Any CPU.ActiveCfg = Release|Any CPU
		{8F6D6F6D-C122-4473-BCA2-22E5D1B9D6C7}.Release|Any CPU.Build.0 = Release|Any CPU
		{E33D2BE0-A264-4173-A6C0-2F2E28094AA6}.Debug|Any CPU.ActiveCfg = Debug|Any CPU
		{E33D2BE0-A264-4173-A6C0-2F2E28094AA6}.Debug|Any CPU.Build.0 = Debug|Any CPU
		{E33D2BE0-A264-4173-A6C0-2F2E28094AA6}.Release|Any CPU.ActiveCfg = Release|Any CPU
		{E33D2BE0-A264-4173-A6C0-2F2E28094AA6}.Release|Any CPU.Build.0 = Release|Any CPU
		{FD9BBFBD-338E-4E93-A6AD-2592E1265BBD}.Debug|Any CPU.ActiveCfg = Debug|Any CPU
		{FD9BBFBD-338E-4E93-A6AD-2592E1265BBD}.Debug|Any CPU.Build.0 = Debug|Any CPU
		{FD9BBFBD-338E-4E93-A6AD-2592E1265BBD}.Release|Any CPU.ActiveCfg = Release|Any CPU
		{FD9BBFBD-338E-4E93-A6AD-2592E1265BBD}.Release|Any CPU.Build.0 = Release|Any CPU
	EndGlobalSection
	GlobalSection(SolutionProperties) = preSolution
		HideSolutionNode = FALSE
	EndGlobalSection
	GlobalSection(ExtensibilityGlobals) = postSolution
		SolutionGuid = {070B8034-F858-4507-9F17-791D9D3C8163}
	EndGlobalSection
EndGlobal
