
Microsoft Visual Studio Solution File, Format Version 12.00
# Visual Studio Version 16
VisualStudioVersion = 16.0.29613.14
MinimumVisualStudioVersion = 10.0.40219.1
Project("{9A19103F-16F7-4668-BE54-9A1E7A4F7556}") = "RabbitMQ_Receive", "RabbitMQ_Receive\RabbitMQ_Receive.csproj", "{27C29196-D775-4D63-9621-51533FACA2F6}"
EndProject
Project("{9A19103F-16F7-4668-BE54-9A1E7A4F7556}") = "RabbitMQ_Send", "RabbitMQ_Send\RabbitMQ_Send.csproj", "{D42FA8E3-0B83-4728-804F-DB2C097B57CF}"
EndProject
Project("{9A19103F-16F7-4668-BE54-9A1E7A4F7556}") = "worker_001", "worker_001\worker_001.csproj", "{B1FD2CA0-23EC-4F45-84A5-6DC2EBE12339}"
EndProject
Project("{9A19103F-16F7-4668-BE54-9A1E7A4F7556}") = "sender_001", "sender_001\sender_001.csproj", "{E62FE7BF-8C03-4C07-8055-1BECBBF1598B}"
EndProject
Project("{9A19103F-16F7-4668-BE54-9A1E7A4F7556}") = "broker", "broker\broker.csproj", "{D1E2E784-A3ED-405C-949B-7798254844B3}"
EndProject
Project("{FAE04EC0-301F-11D3-BF4B-00C04F79EFBC}") = "Service", "Service\Service.csproj", "{30DB8038-A80E-4FE5-92FD-A161657F1984}"
EndProject
Global
	GlobalSection(SolutionConfigurationPlatforms) = preSolution
		Debug|Any CPU = Debug|Any CPU
		Release|Any CPU = Release|Any CPU
	EndGlobalSection
	GlobalSection(ProjectConfigurationPlatforms) = postSolution
		{27C29196-D775-4D63-9621-51533FACA2F6}.Debug|Any CPU.ActiveCfg = Debug|Any CPU
		{27C29196-D775-4D63-9621-51533FACA2F6}.Debug|Any CPU.Build.0 = Debug|Any CPU
		{27C29196-D775-4D63-9621-51533FACA2F6}.Release|Any CPU.ActiveCfg = Release|Any CPU
		{27C29196-D775-4D63-9621-51533FACA2F6}.Release|Any CPU.Build.0 = Release|Any CPU
		{D42FA8E3-0B83-4728-804F-DB2C097B57CF}.Debug|Any CPU.ActiveCfg = Debug|Any CPU
		{D42FA8E3-0B83-4728-804F-DB2C097B57CF}.Debug|Any CPU.Build.0 = Debug|Any CPU
		{D42FA8E3-0B83-4728-804F-DB2C097B57CF}.Release|Any CPU.ActiveCfg = Release|Any CPU
		{D42FA8E3-0B83-4728-804F-DB2C097B57CF}.Release|Any CPU.Build.0 = Release|Any CPU
		{B1FD2CA0-23EC-4F45-84A5-6DC2EBE12339}.Debug|Any CPU.ActiveCfg = Debug|Any CPU
		{B1FD2CA0-23EC-4F45-84A5-6DC2EBE12339}.Debug|Any CPU.Build.0 = Debug|Any CPU
		{B1FD2CA0-23EC-4F45-84A5-6DC2EBE12339}.Release|Any CPU.ActiveCfg = Release|Any CPU
		{B1FD2CA0-23EC-4F45-84A5-6DC2EBE12339}.Release|Any CPU.Build.0 = Release|Any CPU
		{E62FE7BF-8C03-4C07-8055-1BECBBF1598B}.Debug|Any CPU.ActiveCfg = Debug|Any CPU
		{E62FE7BF-8C03-4C07-8055-1BECBBF1598B}.Debug|Any CPU.Build.0 = Debug|Any CPU
		{E62FE7BF-8C03-4C07-8055-1BECBBF1598B}.Release|Any CPU.ActiveCfg = Release|Any CPU
		{E62FE7BF-8C03-4C07-8055-1BECBBF1598B}.Release|Any CPU.Build.0 = Release|Any CPU
		{D1E2E784-A3ED-405C-949B-7798254844B3}.Debug|Any CPU.ActiveCfg = Debug|Any CPU
		{D1E2E784-A3ED-405C-949B-7798254844B3}.Debug|Any CPU.Build.0 = Debug|Any CPU
		{D1E2E784-A3ED-405C-949B-7798254844B3}.Release|Any CPU.ActiveCfg = Release|Any CPU
		{D1E2E784-A3ED-405C-949B-7798254844B3}.Release|Any CPU.Build.0 = Release|Any CPU
		{30DB8038-A80E-4FE5-92FD-A161657F1984}.Debug|Any CPU.ActiveCfg = Debug|Any CPU
		{30DB8038-A80E-4FE5-92FD-A161657F1984}.Debug|Any CPU.Build.0 = Debug|Any CPU
		{30DB8038-A80E-4FE5-92FD-A161657F1984}.Release|Any CPU.ActiveCfg = Release|Any CPU
		{30DB8038-A80E-4FE5-92FD-A161657F1984}.Release|Any CPU.Build.0 = Release|Any CPU
	EndGlobalSection
	GlobalSection(SolutionProperties) = preSolution
		HideSolutionNode = FALSE
	EndGlobalSection
	GlobalSection(ExtensibilityGlobals) = postSolution
		SolutionGuid = {070B8034-F858-4507-9F17-791D9D3C8163}
	EndGlobalSection
EndGlobal
